
Microsoft Visual Studio Solution File, Format Version 12.00
# Visual Studio Version 16
VisualStudioVersion = 16.0.29806.167
MinimumVisualStudioVersion = 10.0.40219.1
Project("{9A19103F-16F7-4668-BE54-9A1E7A4F7556}") = "FMCW.Common", "FMCW.Common\FMCW.Common.csproj", "{4C7CDA8B-3B04-47DB-91CC-DE8A3F869C0F}"
EndProject
Project("{2150E333-8FDC-42A3-9474-1A3956D46DE8}") = "FMCW.Seguridad", "FMCW.Seguridad", "{0CE0816B-0BCA-4DF9-A411-39A60EE2B4D5}"
EndProject
Project("{9A19103F-16F7-4668-BE54-9A1E7A4F7556}") = "FMCW.Seguridad.Encriptador", "FMCW.Seguridad.Encriptador\FMCW.Seguridad.Encriptador.csproj", "{C2E3BFE7-84FB-4E74-8EE3-7570595BAD94}"
EndProject
Project("{FAE04EC0-301F-11D3-BF4B-00C04F79EFBC}") = "FMCW.WebCommon", "FMCW.WebCommon\FMCW.WebCommon.csproj", "{606BA8F6-89BD-4EFC-A7E6-C71FE8A5DF49}"
EndProject
Global
	GlobalSection(SolutionConfigurationPlatforms) = preSolution
		Debug|Any CPU = Debug|Any CPU
		Release|Any CPU = Release|Any CPU
	EndGlobalSection
	GlobalSection(ProjectConfigurationPlatforms) = postSolution
		{4C7CDA8B-3B04-47DB-91CC-DE8A3F869C0F}.Debug|Any CPU.ActiveCfg = Debug|Any CPU
		{4C7CDA8B-3B04-47DB-91CC-DE8A3F869C0F}.Debug|Any CPU.Build.0 = Debug|Any CPU
		{4C7CDA8B-3B04-47DB-91CC-DE8A3F869C0F}.Release|Any CPU.ActiveCfg = Release|Any CPU
		{4C7CDA8B-3B04-47DB-91CC-DE8A3F869C0F}.Release|Any CPU.Build.0 = Release|Any CPU
		{C2E3BFE7-84FB-4E74-8EE3-7570595BAD94}.Debug|Any CPU.ActiveCfg = Debug|Any CPU
		{C2E3BFE7-84FB-4E74-8EE3-7570595BAD94}.Debug|Any CPU.Build.0 = Debug|Any CPU
		{C2E3BFE7-84FB-4E74-8EE3-7570595BAD94}.Release|Any CPU.ActiveCfg = Release|Any CPU
		{C2E3BFE7-84FB-4E74-8EE3-7570595BAD94}.Release|Any CPU.Build.0 = Release|Any CPU
		{606BA8F6-89BD-4EFC-A7E6-C71FE8A5DF49}.Debug|Any CPU.ActiveCfg = Debug|Any CPU
		{606BA8F6-89BD-4EFC-A7E6-C71FE8A5DF49}.Debug|Any CPU.Build.0 = Debug|Any CPU
		{606BA8F6-89BD-4EFC-A7E6-C71FE8A5DF49}.Release|Any CPU.ActiveCfg = Release|Any CPU
		{606BA8F6-89BD-4EFC-A7E6-C71FE8A5DF49}.Release|Any CPU.Build.0 = Release|Any CPU
	EndGlobalSection
	GlobalSection(SolutionProperties) = preSolution
		HideSolutionNode = FALSE
	EndGlobalSection
	GlobalSection(NestedProjects) = preSolution
		{C2E3BFE7-84FB-4E74-8EE3-7570595BAD94} = {0CE0816B-0BCA-4DF9-A411-39A60EE2B4D5}
	EndGlobalSection
	GlobalSection(ExtensibilityGlobals) = postSolution
		SolutionGuid = {E34800BC-5A41-4F8E-9529-69801E4B7BFD}
	EndGlobalSection
EndGlobal
